
Microsoft Visual Studio Solution File, Format Version 12.00
# Visual Studio 15
VisualStudioVersion = 15.0.28010.2046
MinimumVisualStudioVersion = 10.0.40219.1
Project("{FAE04EC0-301F-11D3-BF4B-00C04F79EFBC}") = "CN_Form_Client", "CN_Form_Client\CN_Form_Client.csproj", "{F91F2AE4-9C81-4683-B8FA-AD5286E5A0B8}"
EndProject
Global
	GlobalSection(SolutionConfigurationPlatforms) = preSolution
		Debug|Any CPU = Debug|Any CPU
		Release|Any CPU = Release|Any CPU
	EndGlobalSection
	GlobalSection(ProjectConfigurationPlatforms) = postSolution
		{F91F2AE4-9C81-4683-B8FA-AD5286E5A0B8}.Debug|Any CPU.ActiveCfg = Debug|Any CPU
		{F91F2AE4-9C81-4683-B8FA-AD5286E5A0B8}.Debug|Any CPU.Build.0 = Debug|Any CPU
		{F91F2AE4-9C81-4683-B8FA-AD5286E5A0B8}.Release|Any CPU.ActiveCfg = Release|Any CPU
		{F91F2AE4-9C81-4683-B8FA-AD5286E5A0B8}.Release|Any CPU.Build.0 = Release|Any CPU
	EndGlobalSection
	GlobalSection(SolutionProperties) = preSolution
		HideSolutionNode = FALSE
	EndGlobalSection
	GlobalSection(ExtensibilityGlobals) = postSolution
		SolutionGuid = {B4F313EC-2FD6-407B-8BE9-77F7885469E8}
	EndGlobalSection
EndGlobal
